{
  "name": "exercicios-2024",
  "lockfileVersion": 3,
  "requires": true,
  "packages": {
    "": {
      "dependencies": {
        "@ng-icons/core": "^27.3.1",
        "@ng-icons/heroicons": "^27.3.1",
        "@ng-icons/tdesign-icons": "^27.3.1"
      }
    },
    "node_modules/@angular/common": {
      "version": "17.3.6",
      "resolved": "https://registry.npmjs.org/@angular/common/-/common-17.3.6.tgz",
      "integrity": "sha512-ufviCFzQQKWcwc2j3Zi8bHbwkvqh4QU6GDH0u0usOee8xd8KrjgcYl3vD0r1/yxlDsd53Wg9kNRvz/fY+5qQoQ==",
      "peer": true,
      "dependencies": {
        "tslib": "^2.3.0"
      },
      "engines": {
        "node": "^18.13.0 || >=20.9.0"
      },
      "peerDependencies": {
        "@angular/core": "17.3.6",
        "rxjs": "^6.5.3 || ^7.4.0"
      }
    },
    "node_modules/@angular/core": {
      "version": "17.3.6",
      "resolved": "https://registry.npmjs.org/@angular/core/-/core-17.3.6.tgz",
      "integrity": "sha512-8IoeZVNqyeHA+H2dR3VFfz76/TFN1BpXP0aABs2aIUNVQRYlKxALSm1UlavijX8IT0uvd/6GXwE3WgymTcg0wg==",
      "peer": true,
      "dependencies": {
        "tslib": "^2.3.0"
      },
      "engines": {
        "node": "^18.13.0 || >=20.9.0"
      },
      "peerDependencies": {
        "rxjs": "^6.5.3 || ^7.4.0",
        "zone.js": "~0.14.0"
      }
    },
    "node_modules/@ng-icons/core": {
      "version": "27.3.1",
      "resolved": "https://registry.npmjs.org/@ng-icons/core/-/core-27.3.1.tgz",
      "integrity": "sha512-kMzzQEaGJcPfrQBhBBFYoMcLNot2EDxjRi1oa5y+L7MoYmsCMcgGTy/ILmh2auMyMoPN0VWAWZwiPqMSW2V9kw==",
      "dependencies": {
        "tslib": "^2.2.0"
      }
    },
    "node_modules/@ng-icons/heroicons": {
      "version": "27.3.1",
      "resolved": "https://registry.npmjs.org/@ng-icons/heroicons/-/heroicons-27.3.1.tgz",
      "integrity": "sha512-Q/TcPeSwOwkNqMLKBryKTX8ZcioPfN4AS68Vwj9qNlskS5RYOCqKv/eVrBFgsM7MMBQ3D17vKaIaVGs/CbG7GA==",
      "dependencies": {
        "tslib": "^2.2.0"
      }
    },
    "node_modules/@ng-icons/tdesign-icons": {
      "version": "27.3.1",
      "resolved": "https://registry.npmjs.org/@ng-icons/tdesign-icons/-/tdesign-icons-27.3.1.tgz",
      "integrity": "sha512-EFwViNct8+7rZPbq4IGV2ww61Wm9TtvxqkLmPfu18lm5KsSs165C5kJ8HDPKC5x6rABScTDWXSUJSJHzxEgmMw==",
      "dependencies": {
        "tslib": "^2.2.0"
      },
      "peerDependencies": {
        "@angular/common": "^17.1.0",
        "@angular/core": "^17.1.0"
      }
    },
    "node_modules/rxjs": {
      "version": "7.8.1",
      "resolved": "https://registry.npmjs.org/rxjs/-/rxjs-7.8.1.tgz",
      "integrity": "sha512-AA3TVj+0A2iuIoQkWEK/tqFjBq2j+6PO6Y0zJcvzLAFhEFIO3HL0vls9hWLncZbAAbK0mar7oZ4V079I/qPMxg==",
      "peer": true,
      "dependencies": {
        "tslib": "^2.1.0"
      }
    },
    "node_modules/tslib": {
      "version": "2.6.2",
      "resolved": "https://registry.npmjs.org/tslib/-/tslib-2.6.2.tgz",
      "integrity": "sha512-AEYxH93jGFPn/a2iVAwW87VuUIkR1FVUKB77NwMF7nBTDkDrrT/Hpt/IrCJ0QXhW27jTBDcf5ZY7w6RiqTMw2Q=="
    },
    "node_modules/zone.js": {
      "version": "0.14.4",
      "resolved": "https://registry.npmjs.org/zone.js/-/zone.js-0.14.4.tgz",
      "integrity": "sha512-NtTUvIlNELez7Q1DzKVIFZBzNb646boQMgpATo9z3Ftuu/gWvzxCW7jdjcUDoRGxRikrhVHB/zLXh1hxeJawvw==",
      "peer": true,
      "dependencies": {
        "tslib": "^2.3.0"
      }
    }
  }
}
